
Microsoft Visual Studio Solution File, Format Version 12.00
# Visual Studio Version 17
VisualStudioVersion = 17.8.34322.80
MinimumVisualStudioVersion = 10.0.40219.1
Project("{9A19103F-16F7-4668-BE54-9A1E7A4F7556}") = "FileUploadApp", "FileUploadApp\FileUploadApp.csproj", "{198ECA9A-D9E0-4560-8139-001B30C8CB5E}"
EndProject
Project("{FAE04EC0-301F-11D3-BF4B-00C04F79EFBC}") = "FileUploadAppTests", "FileUploadAppTests\FileUploadAppTests.csproj", "{1DB2BC02-B5CA-41A2-A1E1-1FB4E5944AB1}"
EndProject
Global
	GlobalSection(SolutionConfigurationPlatforms) = preSolution
		Debug|Any CPU = Debug|Any CPU
		Release|Any CPU = Release|Any CPU
	EndGlobalSection
	GlobalSection(ProjectConfigurationPlatforms) = postSolution
		{198ECA9A-D9E0-4560-8139-001B30C8CB5E}.Debug|Any CPU.ActiveCfg = Debug|Any CPU
		{198ECA9A-D9E0-4560-8139-001B30C8CB5E}.Debug|Any CPU.Build.0 = Debug|Any CPU
		{198ECA9A-D9E0-4560-8139-001B30C8CB5E}.Release|Any CPU.ActiveCfg = Release|Any CPU
		{198ECA9A-D9E0-4560-8139-001B30C8CB5E}.Release|Any CPU.Build.0 = Release|Any CPU
		{1DB2BC02-B5CA-41A2-A1E1-1FB4E5944AB1}.Debug|Any CPU.ActiveCfg = Debug|Any CPU
		{1DB2BC02-B5CA-41A2-A1E1-1FB4E5944AB1}.Debug|Any CPU.Build.0 = Debug|Any CPU
		{1DB2BC02-B5CA-41A2-A1E1-1FB4E5944AB1}.Release|Any CPU.ActiveCfg = Release|Any CPU
		{1DB2BC02-B5CA-41A2-A1E1-1FB4E5944AB1}.Release|Any CPU.Build.0 = Release|Any CPU
	EndGlobalSection
	GlobalSection(SolutionProperties) = preSolution
		HideSolutionNode = FALSE
	EndGlobalSection
	GlobalSection(ExtensibilityGlobals) = postSolution
		SolutionGuid = {DBC89340-C1FC-43D1-B979-B3918E1A848B}
	EndGlobalSection
EndGlobal
